// !$*UTF8*$!
{
	archiveVersion = 1;
	classes = {
	};
	objectVersion = 77;
	objects = {

/* Begin PBXContainerItemProxy section */
		8662D44D2D1AC88000ACC93D /* PBXContainerItemProxy */ = {
			isa = PBXContainerItemProxy;
			containerPortal = 8662D4342D1AC87E00ACC93D /* Project object */;
			proxyType = 1;
			remoteGlobalIDString = 8662D43B2D1AC87E00ACC93D;
			remoteInfo = "Assgn Weather";
		};
		8662D4572D1AC88000ACC93D /* PBXContainerItemProxy */ = {
			isa = PBXContainerItemProxy;
			containerPortal = 8662D4342D1AC87E00ACC93D /* Project object */;
			proxyType = 1;
			remoteGlobalIDString = 8662D43B2D1AC87E00ACC93D;
			remoteInfo = "Assgn Weather";
		};
/* End PBXContainerItemProxy section */

/* Begin PBXFileReference section */
		8662D43C2D1AC87E00ACC93D /* Assgn Weather.app */ = {isa = PBXFileReference; explicitFileType = wrapper.application; includeInIndex = 0; path = "Assgn Weather.app"; sourceTree = BUILT_PRODUCTS_DIR; };
		8662D44C2D1AC88000ACC93D /* Assgn WeatherTests.xctest */ = {isa = PBXFileReference; explicitFileType = wrapper.cfbundle; includeInIndex = 0; path = "Assgn WeatherTests.xctest"; sourceTree = BUILT_PRODUCTS_DIR; };
		8662D4562D1AC88000ACC93D /* Assgn WeatherUITests.xctest */ = {isa = PBXFileReference; explicitFileType = wrapper.cfbundle; includeInIndex = 0; path = "Assgn WeatherUITests.xctest"; sourceTree = BUILT_PRODUCTS_DIR; };
/* End PBXFileReference section */

/* Begin PBXFileSystemSynchronizedRootGroup section */
		8662D43E2D1AC87E00ACC93D /* Assgn Weather */ = {
			isa = PBXFileSystemSynchronizedRootGroup;
			path = "Assgn Weather";
			sourceTree = "<group>";
		};
		8662D44F2D1AC88000ACC93D /* Assgn WeatherTests */ = {
			isa = PBXFileSystemSynchronizedRootGroup;
			path = "Assgn WeatherTests";
			sourceTree = "<group>";
		};
		8662D4592D1AC88000ACC93D /* Assgn WeatherUITests */ = {
			isa = PBXFileSystemSynchronizedRootGroup;
			path = "Assgn WeatherUITests";
			sourceTree = "<group>";
		};
/* End PBXFileSystemSynchronizedRootGroup section */

/* Begin PBXFrameworksBuildPhase section */
		8662D4392D1AC87E00ACC93D /* Frameworks */ = {
			isa = PBXFrameworksBuildPhase;
			buildActionMask = 2147483647;
			files = (
			);
			runOnlyForDeploymentPostprocessing = 0;
		};
		8662D4492D1AC88000ACC93D /* Frameworks */ = {
			isa = PBXFrameworksBuildPhase;
			buildActionMask = 2147483647;
			files = (
			);
			runOnlyForDeploymentPostprocessing = 0;
		};
		8662D4532D1AC88000ACC93D /* Frameworks */ = {
			isa = PBXFrameworksBuildPhase;
			buildActionMask = 2147483647;
			files = (
			);
			runOnlyForDeploymentPostprocessing = 0;
		};
/* End PBXFrameworksBuildPhase section */

/* Begin PBXGroup section */
		8662D4332D1AC87E00ACC93D = {
			isa = PBXGroup;
			children = (
				8662D43E2D1AC87E00ACC93D /* Assgn Weather */,
				8662D44F2D1AC88000ACC93D /* Assgn WeatherTests */,
				8662D4592D1AC88000ACC93D /* Assgn WeatherUITests */,
				8662D43D2D1AC87E00ACC93D /* Products */,
			);
			sourceTree = "<group>";
		};
		8662D43D2D1AC87E00ACC93D /* Products */ = {
			isa = PBXGroup;
			children = (
				8662D43C2D1AC87E00ACC93D /* Assgn Weather.app */,
				8662D44C2D1AC88000ACC93D /* Assgn WeatherTests.xctest */,
				8662D4562D1AC88000ACC93D /* Assgn WeatherUITests.xctest */,
			);
			name = Products;
			sourceTree = "<group>";
		};
/* End PBXGroup section */

/* Begin PBXNativeTarget section */
		8662D43B2D1AC87E00ACC93D /* Assgn Weather */ = {
			isa = PBXNativeTarget;
			buildConfigurationList = 8662D4602D1AC88000ACC93D /* Build configuration list for PBXNativeTarget "Assgn Weather" */;
			buildPhases = (
				8662D4382D1AC87E00ACC93D /* Sources */,
				8662D4392D1AC87E00ACC93D /* Frameworks */,
				8662D43A2D1AC87E00ACC93D /* Resources */,
			);
			buildRules = (
			);
			dependencies = (
			);
			fileSystemSynchronizedGroups = (
				8662D43E2D1AC87E00ACC93D /* Assgn Weather */,
			);
			name = "Assgn Weather";
			packageProductDependencies = (
			);
			productName = "Assgn Weather";
			productReference = 8662D43C2D1AC87E00ACC93D /* Assgn Weather.app */;
			productType = "com.apple.product-type.application";
		};
		8662D44B2D1AC88000ACC93D /* Assgn WeatherTests */ = {
			isa = PBXNativeTarget;
			buildConfigurationList = 8662D4632D1AC88000ACC93D /* Build configuration list for PBXNativeTarget "Assgn WeatherTests" */;
			buildPhases = (
				8662D4482D1AC88000ACC93D /* Sources */,
				8662D4492D1AC88000ACC93D /* Frameworks */,
				8662D44A2D1AC88000ACC93D /* Resources */,
			);
			buildRules = (
			);
			dependencies = (
				8662D44E2D1AC88000ACC93D /* PBXTargetDependency */,
			);
			fileSystemSynchronizedGroups = (
				8662D44F2D1AC88000ACC93D /* Assgn WeatherTests */,
			);
			name = "Assgn WeatherTests";
			packageProductDependencies = (
			);
			productName = "Assgn WeatherTests";
			productReference = 8662D44C2D1AC88000ACC93D /* Assgn WeatherTests.xctest */;
			productType = "com.apple.product-type.bundle.unit-test";
		};
		8662D4552D1AC88000ACC93D /* Assgn WeatherUITests */ = {
			isa = PBXNativeTarget;
			buildConfigurationList = 8662D4662D1AC88000ACC93D /* Build configuration list for PBXNativeTarget "Assgn WeatherUITests" */;
			buildPhases = (
				8662D4522D1AC88000ACC93D /* Sources */,
				8662D4532D1AC88000ACC93D /* Frameworks */,
				8662D4542D1AC88000ACC93D /* Resources */,
			);
			buildRules = (
			);
			dependencies = (
				8662D4582D1AC88000ACC93D /* PBXTargetDependency */,
			);
			fileSystemSynchronizedGroups = (
				8662D4592D1AC88000ACC93D /* Assgn WeatherUITests */,
			);
			name = "Assgn WeatherUITests";
			packageProductDependencies = (
			);
			productName = "Assgn WeatherUITests";
			productReference = 8662D4562D1AC88000ACC93D /* Assgn WeatherUITests.xctest */;
			productType = "com.apple.product-type.bundle.ui-testing";
		};
/* End PBXNativeTarget section */

/* Begin PBXProject section */
		8662D4342D1AC87E00ACC93D /* Project object */ = {
			isa = PBXProject;
			attributes = {
				BuildIndependentTargetsInParallel = 1;
				LastSwiftUpdateCheck = 1620;
				LastUpgradeCheck = 1620;
				TargetAttributes = {
					8662D43B2D1AC87E00ACC93D = {
						CreatedOnToolsVersion = 16.2;
					};
					8662D44B2D1AC88000ACC93D = {
						CreatedOnToolsVersion = 16.2;
						TestTargetID = 8662D43B2D1AC87E00ACC93D;
					};
					8662D4552D1AC88000ACC93D = {
						CreatedOnToolsVersion = 16.2;
						TestTargetID = 8662D43B2D1AC87E00ACC93D;
					};
				};
			};
			buildConfigurationList = 8662D4372D1AC87E00ACC93D /* Build configuration list for PBXProject "Assgn Weather" */;
			developmentRegion = en;
			hasScannedForEncodings = 0;
			knownRegions = (
				en,
				Base,
			);
			mainGroup = 8662D4332D1AC87E00ACC93D;
			minimizedProjectReferenceProxies = 1;
			preferredProjectObjectVersion = 77;
			productRefGroup = 8662D43D2D1AC87E00ACC93D /* Products */;
			projectDirPath = "";
			projectRoot = "";
			targets = (
				8662D43B2D1AC87E00ACC93D /* Assgn Weather */,
				8662D44B2D1AC88000ACC93D /* Assgn WeatherTests */,
				8662D4552D1AC88000ACC93D /* Assgn WeatherUITests */,
			);
		};
/* End PBXProject section */

/* Begin PBXResourcesBuildPhase section */
		8662D43A2D1AC87E00ACC93D /* Resources */ = {
			isa = PBXResourcesBuildPhase;
			buildActionMask = 2147483647;
			files = (
			);
			runOnlyForDeploymentPostprocessing = 0;
		};
		8662D44A2D1AC88000ACC93D /* Resources */ = {
			isa = PBXResourcesBuildPhase;
			buildActionMask = 2147483647;
			files = (
			);
			runOnlyForDeploymentPostprocessing = 0;
		};
		8662D4542D1AC88000ACC93D /* Resources */ = {
			isa = PBXResourcesBuildPhase;
			buildActionMask = 2147483647;
			files = (
			);
			runOnlyForDeploymentPostprocessing = 0;
		};
/* End PBXResourcesBuildPhase section */

/* Begin PBXSourcesBuildPhase section */
		8662D4382D1AC87E00ACC93D /* Sources */ = {
			isa = PBXSourcesBuildPhase;
			buildActionMask = 2147483647;
			files = (
			);
			runOnlyForDeploymentPostprocessing = 0;
		};
		8662D4482D1AC88000ACC93D /* Sources */ = {
			isa = PBXSourcesBuildPhase;
			buildActionMask = 2147483647;
			files = (
			);
			runOnlyForDeploymentPostprocessing = 0;
		};
		8662D4522D1AC88000ACC93D /* Sources */ = {
			isa = PBXSourcesBuildPhase;
			buildActionMask = 2147483647;
			files = (
			);
			runOnlyForDeploymentPostprocessing = 0;
		};
/* End PBXSourcesBuildPhase section */

/* Begin PBXTargetDependency section */
		8662D44E2D1AC88000ACC93D /* PBXTargetDependency */ = {
			isa = PBXTargetDependency;
			target = 8662D43B2D1AC87E00ACC93D /* Assgn Weather */;
			targetProxy = 8662D44D2D1AC88000ACC93D /* PBXContainerItemProxy */;
		};
		8662D4582D1AC88000ACC93D /* PBXTargetDependency */ = {
			isa = PBXTargetDependency;
			target = 8662D43B2D1AC87E00ACC93D /* Assgn Weather */;
			targetProxy = 8662D4572D1AC88000ACC93D /* PBXContainerItemProxy */;
		};
/* End PBXTargetDependency section */

/* Begin XCBuildConfiguration section */
		8662D45E2D1AC88000ACC93D /* Debug */ = {
			isa = XCBuildConfiguration;
			buildSettings = {
				ALWAYS_SEARCH_USER_PATHS = NO;
				ASSETCATALOG_COMPILER_GENERATE_SWIFT_ASSET_SYMBOL_EXTENSIONS = YES;
				CLANG_ANALYZER_NONNULL = YES;
				CLANG_ANALYZER_NUMBER_OBJECT_CONVERSION = YES_AGGRESSIVE;
				CLANG_CXX_LANGUAGE_STANDARD = "gnu++20";
				CLANG_ENABLE_MODULES = YES;
				CLANG_ENABLE_OBJC_ARC = YES;
				CLANG_ENABLE_OBJC_WEAK = YES;
				CLANG_WARN_BLOCK_CAPTURE_AUTORELEASING = YES;
				CLANG_WARN_BOOL_CONVERSION = YES;
				CLANG_WARN_COMMA = YES;
				CLANG_WARN_CONSTANT_CONVERSION = YES;
				CLANG_WARN_DEPRECATED_OBJC_IMPLEMENTATIONS = YES;
				CLANG_WARN_DIRECT_OBJC_ISA_USAGE = YES_ERROR;
				CLANG_WARN_DOCUMENTATION_COMMENTS = YES;
				CLANG_WARN_EMPTY_BODY = YES;
				CLANG_WARN_ENUM_CONVERSION = YES;
				CLANG_WARN_INFINITE_RECURSION = YES;
				CLANG_WARN_INT_CONVERSION = YES;
				CLANG_WARN_NON_LITERAL_NULL_CONVERSION = YES;
				CLANG_WARN_OBJC_IMPLICIT_RETAIN_SELF = YES;
				CLANG_WARN_OBJC_LITERAL_CONVERSION = YES;
				CLANG_WARN_OBJC_ROOT_CLASS = YES_ERROR;
				CLANG_WARN_QUOTED_INCLUDE_IN_FRAMEWORK_HEADER = YES;
				CLANG_WARN_RANGE_LOOP_ANALYSIS = YES;
				CLANG_WARN_STRICT_PROTOTYPES = YES;
				CLANG_WARN_SUSPICIOUS_MOVE = YES;
				CLANG_WARN_UNGUARDED_AVAILABILITY = YES_AGGRESSIVE;
				CLANG_WARN_UNREACHABLE_CODE = YES;
				CLANG_WARN__DUPLICATE_METHOD_MATCH = YES;
				COPY_PHASE_STRIP = NO;
				DEBUG_INFORMATION_FORMAT = dwarf;
				ENABLE_STRICT_OBJC_MSGSEND = YES;
				ENABLE_TESTABILITY = YES;
				ENABLE_USER_SCRIPT_SANDBOXING = YES;
				GCC_C_LANGUAGE_STANDARD = gnu17;
				GCC_DYNAMIC_NO_PIC = NO;
				GCC_NO_COMMON_BLOCKS = YES;
				GCC_OPTIMIZATION_LEVEL = 0;
				GCC_PREPROCESSOR_DEFINITIONS = (
					"DEBUG=1",
					"$(inherited)",
				);
				GCC_WARN_64_TO_32_BIT_CONVERSION = YES;
				GCC_WARN_ABOUT_RETURN_TYPE = YES_ERROR;
				GCC_WARN_UNDECLARED_SELECTOR = YES;
				GCC_WARN_UNINITIALIZED_AUTOS = YES_AGGRESSIVE;
				GCC_WARN_UNUSED_FUNCTION = YES;
				GCC_WARN_UNUSED_VARIABLE = YES;
				IPHONEOS_DEPLOYMENT_TARGET = 18.2;
				LOCALIZATION_PREFERS_STRING_CATALOGS = YES;
				MTL_ENABLE_DEBUG_INFO = INCLUDE_SOURCE;
				MTL_FAST_MATH = YES;
				ONLY_ACTIVE_ARCH = YES;
				SDKROOT = iphoneos;
				SWIFT_ACTIVE_COMPILATION_CONDITIONS = "DEBUG $(inherited)";
				SWIFT_OPTIMIZATION_LEVEL = "-Onone";
			};
			name = Debug;
		};
		8662D45F2D1AC88000ACC93D /* Release */ = {
			isa = XCBuildConfiguration;
			buildSettings = {
				ALWAYS_SEARCH_USER_PATHS = NO;
				ASSETCATALOG_COMPILER_GENERATE_SWIFT_ASSET_SYMBOL_EXTENSIONS = YES;
				CLANG_ANALYZER_NONNULL = YES;
				CLANG_ANALYZER_NUMBER_OBJECT_CONVERSION = YES_AGGRESSIVE;
				CLANG_CXX_LANGUAGE_STANDARD = "gnu++20";
				CLANG_ENABLE_MODULES = YES;
				CLANG_ENABLE_OBJC_ARC = YES;
				CLANG_ENABLE_OBJC_WEAK = YES;
				CLANG_WARN_BLOCK_CAPTURE_AUTORELEASING = YES;
				CLANG_WARN_BOOL_CONVERSION = YES;
				CLANG_WARN_COMMA = YES;
				CLANG_WARN_CONSTANT_CONVERSION = YES;
				CLANG_WARN_DEPRECATED_OBJC_IMPLEMENTATIONS = YES;
				CLANG_WARN_DIRECT_OBJC_ISA_USAGE = YES_ERROR;
				CLANG_WARN_DOCUMENTATION_COMMENTS = YES;
				CLANG_WARN_EMPTY_BODY = YES;
				CLANG_WARN_ENUM_CONVERSION = YES;
				CLANG_WARN_INFINITE_RECURSION = YES;
				CLANG_WARN_INT_CONVERSION = YES;
				CLANG_WARN_NON_LITERAL_NULL_CONVERSION = YES;
				CLANG_WARN_OBJC_IMPLICIT_RETAIN_SELF = YES;
				CLANG_WARN_OBJC_LITERAL_CONVERSION = YES;
				CLANG_WARN_OBJC_ROOT_CLASS = YES_ERROR;
				CLANG_WARN_QUOTED_INCLUDE_IN_FRAMEWORK_HEADER = YES;
				CLANG_WARN_RANGE_LOOP_ANALYSIS = YES;
				CLANG_WARN_STRICT_PROTOTYPES = YES;
				CLANG_WARN_SUSPICIOUS_MOVE = YES;
				CLANG_WARN_UNGUARDED_AVAILABILITY = YES_AGGRESSIVE;
				CLANG_WARN_UNREACHABLE_CODE = YES;
				CLANG_WARN__DUPLICATE_METHOD_MATCH = YES;
				COPY_PHASE_STRIP = NO;
				DEBUG_INFORMATION_FORMAT = "dwarf-with-dsym";
				ENABLE_NS_ASSERTIONS = NO;
				ENABLE_STRICT_OBJC_MSGSEND = YES;
				ENABLE_USER_SCRIPT_SANDBOXING = YES;
				GCC_C_LANGUAGE_STANDARD = gnu17;
				GCC_NO_COMMON_BLOCKS = YES;
				GCC_WARN_64_TO_32_BIT_CONVERSION = YES;
				GCC_WARN_ABOUT_RETURN_TYPE = YES_ERROR;
				GCC_WARN_UNDECLARED_SELECTOR = YES;
				GCC_WARN_UNINITIALIZED_AUTOS = YES_AGGRESSIVE;
				GCC_WARN_UNUSED_FUNCTION = YES;
				GCC_WARN_UNUSED_VARIABLE = YES;
				IPHONEOS_DEPLOYMENT_TARGET = 18.2;
				LOCALIZATION_PREFERS_STRING_CATALOGS = YES;
				MTL_ENABLE_DEBUG_INFO = NO;
				MTL_FAST_MATH = YES;
				SDKROOT = iphoneos;
				SWIFT_COMPILATION_MODE = wholemodule;
				VALIDATE_PRODUCT = YES;
			};
			name = Release;
		};
		8662D4612D1AC88000ACC93D /* Debug */ = {
			isa = XCBuildConfiguration;
			buildSettings = {
				ASSETCATALOG_COMPILER_APPICON_NAME = AppIcon;
				ASSETCATALOG_COMPILER_GLOBAL_ACCENT_COLOR_NAME = AccentColor;
				CODE_SIGN_STYLE = Automatic;
				CURRENT_PROJECT_VERSION = 1;
				DEVELOPMENT_ASSET_PATHS = "\"Assgn Weather/Preview Content\"";
				ENABLE_PREVIEWS = YES;
				GENERATE_INFOPLIST_FILE = YES;
				INFOPLIST_KEY_UIApplicationSceneManifest_Generation = YES;
				INFOPLIST_KEY_UIApplicationSupportsIndirectInputEvents = YES;
				INFOPLIST_KEY_UILaunchScreen_Generation = YES;
				INFOPLIST_KEY_UISupportedInterfaceOrientations_iPad = "UIInterfaceOrientationPortrait UIInterfaceOrientationPortraitUpsideDown UIInterfaceOrientationLandscapeLeft UIInterfaceOrientationLandscapeRight";
				INFOPLIST_KEY_UISupportedInterfaceOrientations_iPhone = "UIInterfaceOrientationPortrait UIInterfaceOrientationLandscapeLeft UIInterfaceOrientationLandscapeRight";
				LD_RUNPATH_SEARCH_PATHS = (
					"$(inherited)",
					"@executable_path/Frameworks",
				);
				MARKETING_VERSION = 1.0;
				PRODUCT_BUNDLE_IDENTIFIER = "com.mayank.Assgn-Weather";
				PRODUCT_NAME = "$(TARGET_NAME)";
				SWIFT_EMIT_LOC_STRINGS = YES;
				SWIFT_VERSION = 5.0;
				TARGETED_DEVICE_FAMILY = "1,2";
			};
			name = Debug;
		};
		8662D4622D1AC88000ACC93D /* Release */ = {
			isa = XCBuildConfiguration;
			buildSettings = {
				ASSETCATALOG_COMPILER_APPICON_NAME = AppIcon;
				ASSETCATALOG_COMPILER_GLOBAL_ACCENT_COLOR_NAME = AccentColor;
				CODE_SIGN_STYLE = Automatic;
				CURRENT_PROJECT_VERSION = 1;
				DEVELOPMENT_ASSET_PATHS = "\"Assgn Weather/Preview Content\"";
				ENABLE_PREVIEWS = YES;
				GENERATE_INFOPLIST_FILE = YES;
				INFOPLIST_KEY_UIApplicationSceneManifest_Generation = YES;
				INFOPLIST_KEY_UIApplicationSupportsIndirectInputEvents = YES;
				INFOPLIST_KEY_UILaunchScreen_Generation = YES;
				INFOPLIST_KEY_UISupportedInterfaceOrientations_iPad = "UIInterfaceOrientationPortrait UIInterfaceOrientationPortraitUpsideDown UIInterfaceOrientationLandscapeLeft UIInterfaceOrientationLandscapeRight";
				INFOPLIST_KEY_UISupportedInterfaceOrientations_iPhone = "UIInterfaceOrientationPortrait UIInterfaceOrientationLandscapeLeft UIInterfaceOrientationLandscapeRight";
				LD_RUNPATH_SEARCH_PATHS = (
					"$(inherited)",
					"@executable_path/Frameworks",
				);
				MARKETING_VERSION = 1.0;
				PRODUCT_BUNDLE_IDENTIFIER = "com.mayank.Assgn-Weather";
				PRODUCT_NAME = "$(TARGET_NAME)";
				SWIFT_EMIT_LOC_STRINGS = YES;
				SWIFT_VERSION = 5.0;
				TARGETED_DEVICE_FAMILY = "1,2";
			};
			name = Release;
		};
		8662D4642D1AC88000ACC93D /* Debug */ = {
			isa = XCBuildConfiguration;
			buildSettings = {
				BUNDLE_LOADER = "$(TEST_HOST)";
				CODE_SIGN_STYLE = Automatic;
				CURRENT_PROJECT_VERSION = 1;
				GENERATE_INFOPLIST_FILE = YES;
				IPHONEOS_DEPLOYMENT_TARGET = 18.2;
				MARKETING_VERSION = 1.0;
				PRODUCT_BUNDLE_IDENTIFIER = "com.mayank.Assgn-WeatherTests";
				PRODUCT_NAME = "$(TARGET_NAME)";
				SWIFT_EMIT_LOC_STRINGS = NO;
				SWIFT_VERSION = 5.0;
				TARGETED_DEVICE_FAMILY = "1,2";
				TEST_HOST = "$(BUILT_PRODUCTS_DIR)/Assgn Weather.app/$(BUNDLE_EXECUTABLE_FOLDER_PATH)/Assgn Weather";
			};
			name = Debug;
		};
		8662D4652D1AC88000ACC93D /* Release */ = {
			isa = XCBuildConfiguration;
			buildSettings = {
				BUNDLE_LOADER = "$(TEST_HOST)";
				CODE_SIGN_STYLE = Automatic;
				CURRENT_PROJECT_VERSION = 1;
				GENERATE_INFOPLIST_FILE = YES;
				IPHONEOS_DEPLOYMENT_TARGET = 18.2;
				MARKETING_VERSION = 1.0;
				PRODUCT_BUNDLE_IDENTIFIER = "com.mayank.Assgn-WeatherTests";
				PRODUCT_NAME = "$(TARGET_NAME)";
				SWIFT_EMIT_LOC_STRINGS = NO;
				SWIFT_VERSION = 5.0;
				TARGETED_DEVICE_FAMILY = "1,2";
				TEST_HOST = "$(BUILT_PRODUCTS_DIR)/Assgn Weather.app/$(BUNDLE_EXECUTABLE_FOLDER_PATH)/Assgn Weather";
			};
			name = Release;
		};
		8662D4672D1AC88000ACC93D /* Debug */ = {
			isa = XCBuildConfiguration;
			buildSettings = {
				CODE_SIGN_STYLE = Automatic;
				CURRENT_PROJECT_VERSION = 1;
				GENERATE_INFOPLIST_FILE = YES;
				MARKETING_VERSION = 1.0;
				PRODUCT_BUNDLE_IDENTIFIER = "com.mayank.Assgn-WeatherUITests";
				PRODUCT_NAME = "$(TARGET_NAME)";
				SWIFT_EMIT_LOC_STRINGS = NO;
				SWIFT_VERSION = 5.0;
				TARGETED_DEVICE_FAMILY = "1,2";
				TEST_TARGET_NAME = "Assgn Weather";
			};
			name = Debug;
		};
		8662D4682D1AC88000ACC93D /* Release */ = {
			isa = XCBuildConfiguration;
			buildSettings = {
				CODE_SIGN_STYLE = Automatic;
				CURRENT_PROJECT_VERSION = 1;
				GENERATE_INFOPLIST_FILE = YES;
				MARKETING_VERSION = 1.0;
				PRODUCT_BUNDLE_IDENTIFIER = "com.mayank.Assgn-WeatherUITests";
				PRODUCT_NAME = "$(TARGET_NAME)";
				SWIFT_EMIT_LOC_STRINGS = NO;
				SWIFT_VERSION = 5.0;
				TARGETED_DEVICE_FAMILY = "1,2";
				TEST_TARGET_NAME = "Assgn Weather";
			};
			name = Release;
		};
/* End XCBuildConfiguration section */

/* Begin XCConfigurationList section */
		8662D4372D1AC87E00ACC93D /* Build configuration list for PBXProject "Assgn Weather" */ = {
			isa = XCConfigurationList;
			buildConfigurations = (
				8662D45E2D1AC88000ACC93D /* Debug */,
				8662D45F2D1AC88000ACC93D /* Release */,
			);
			defaultConfigurationIsVisible = 0;
			defaultConfigurationName = Release;
		};
		8662D4602D1AC88000ACC93D /* Build configuration list for PBXNativeTarget "Assgn Weather" */ = {
			isa = XCConfigurationList;
			buildConfigurations = (
				8662D4612D1AC88000ACC93D /* Debug */,
				8662D4622D1AC88000ACC93D /* Release */,
			);
			defaultConfigurationIsVisible = 0;
			defaultConfigurationName = Release;
		};
		8662D4632D1AC88000ACC93D /* Build configuration list for PBXNativeTarget "Assgn WeatherTests" */ = {
			isa = XCConfigurationList;
			buildConfigurations = (
				8662D4642D1AC88000ACC93D /* Debug */,
				8662D4652D1AC88000ACC93D /* Release */,
			);
			defaultConfigurationIsVisible = 0;
			defaultConfigurationName = Release;
		};
		8662D4662D1AC88000ACC93D /* Build configuration list for PBXNativeTarget "Assgn WeatherUITests" */ = {
			isa = XCConfigurationList;
			buildConfigurations = (
				8662D4672D1AC88000ACC93D /* Debug */,
				8662D4682D1AC88000ACC93D /* Release */,
			);
			defaultConfigurationIsVisible = 0;
			defaultConfigurationName = Release;
		};
/* End XCConfigurationList section */
	};
	rootObject = 8662D4342D1AC87E00ACC93D /* Project object */;
}
